
Microsoft Visual Studio Solution File, Format Version 12.00
# Visual Studio Version 16
VisualStudioVersion = 16.0.29806.167
MinimumVisualStudioVersion = 10.0.40219.1
Project("{FAE04EC0-301F-11D3-BF4B-00C04F79EFBC}") = "SkyFlyReservation", "SkyFlyReservation\SkyFlyReservation.csproj", "{CAAEB778-5A11-42B7-8363-5C793028EF41}"
EndProject
Project("{FAE04EC0-301F-11D3-BF4B-00C04F79EFBC}") = "Database Access", "Database Access\Database Access.csproj", "{A4FB8562-331B-4105-A069-5B2A9884C0C4}"
EndProject
Project("{FAE04EC0-301F-11D3-BF4B-00C04F79EFBC}") = "Validation", "Validation\Validation.csproj", "{200613D1-913A-4024-9EDF-B098320036BE}"
EndProject
Global
	GlobalSection(SolutionConfigurationPlatforms) = preSolution
		Debug|Any CPU = Debug|Any CPU
		Release|Any CPU = Release|Any CPU
	EndGlobalSection
	GlobalSection(ProjectConfigurationPlatforms) = postSolution
		{CAAEB778-5A11-42B7-8363-5C793028EF41}.Debug|Any CPU.ActiveCfg = Debug|Any CPU
		{CAAEB778-5A11-42B7-8363-5C793028EF41}.Debug|Any CPU.Build.0 = Debug|Any CPU
		{CAAEB778-5A11-42B7-8363-5C793028EF41}.Release|Any CPU.ActiveCfg = Release|Any CPU
		{CAAEB778-5A11-42B7-8363-5C793028EF41}.Release|Any CPU.Build.0 = Release|Any CPU
		{A4FB8562-331B-4105-A069-5B2A9884C0C4}.Debug|Any CPU.ActiveCfg = Debug|Any CPU
		{A4FB8562-331B-4105-A069-5B2A9884C0C4}.Debug|Any CPU.Build.0 = Debug|Any CPU
		{A4FB8562-331B-4105-A069-5B2A9884C0C4}.Release|Any CPU.ActiveCfg = Release|Any CPU
		{A4FB8562-331B-4105-A069-5B2A9884C0C4}.Release|Any CPU.Build.0 = Release|Any CPU
		{200613D1-913A-4024-9EDF-B098320036BE}.Debug|Any CPU.ActiveCfg = Debug|Any CPU
		{200613D1-913A-4024-9EDF-B098320036BE}.Debug|Any CPU.Build.0 = Debug|Any CPU
		{200613D1-913A-4024-9EDF-B098320036BE}.Release|Any CPU.ActiveCfg = Release|Any CPU
		{200613D1-913A-4024-9EDF-B098320036BE}.Release|Any CPU.Build.0 = Release|Any CPU
	EndGlobalSection
	GlobalSection(SolutionProperties) = preSolution
		HideSolutionNode = FALSE
	EndGlobalSection
	GlobalSection(ExtensibilityGlobals) = postSolution
		SolutionGuid = {3A7D52BC-B44F-4D89-B0C3-2BCF5AE8FA03}
	EndGlobalSection
EndGlobal
